
Microsoft Visual Studio Solution File, Format Version 12.00
# Visual Studio Version 17
VisualStudioVersion = 17.10.35027.167
MinimumVisualStudioVersion = 10.0.40219.1
Project("{FAE04EC0-301F-11D3-BF4B-00C04F79EFBC}") = "Lesson717", "Lesson717.csproj", "{E6A6D57D-708F-4E5A-800F-69F55EB3771C}"
EndProject
Global
	GlobalSection(SolutionConfigurationPlatforms) = preSolution
		Debug|Any CPU = Debug|Any CPU
		Release|Any CPU = Release|Any CPU
	EndGlobalSection
	GlobalSection(ProjectConfigurationPlatforms) = postSolution
		{E6A6D57D-708F-4E5A-800F-69F55EB3771C}.Debug|Any CPU.ActiveCfg = Debug|Any CPU
		{E6A6D57D-708F-4E5A-800F-69F55EB3771C}.Debug|Any CPU.Build.0 = Debug|Any CPU
		{E6A6D57D-708F-4E5A-800F-69F55EB3771C}.Release|Any CPU.ActiveCfg = Release|Any CPU
		{E6A6D57D-708F-4E5A-800F-69F55EB3771C}.Release|Any CPU.Build.0 = Release|Any CPU
	EndGlobalSection
	GlobalSection(SolutionProperties) = preSolution
		HideSolutionNode = FALSE
	EndGlobalSection
	GlobalSection(ExtensibilityGlobals) = postSolution
		SolutionGuid = {C86E0E02-FB90-4BB1-8A6E-AF960B1D3D13}
	EndGlobalSection
EndGlobal
